
Microsoft Visual Studio Solution File, Format Version 12.00
# Visual Studio Version 17
VisualStudioVersion = 17.4.33213.308
MinimumVisualStudioVersion = 10.0.40219.1
Project("{FAE04EC0-301F-11D3-BF4B-00C04F79EFBC}") = "Bajtpik", "Bajtpik.csproj", "{10D01E50-C0FF-418D-AFB0-8AAB17A84E9F}"
EndProject
Project("{FAE04EC0-301F-11D3-BF4B-00C04F79EFBC}") = "ConsoleApp", "..\ConsoleApp\ConsoleApp.csproj", "{EA8087A1-3BFA-43C1-B43D-8646CDFA94D4}"
EndProject
Global
	GlobalSection(SolutionConfigurationPlatforms) = preSolution
		Debug|Any CPU = Debug|Any CPU
		Release|Any CPU = Release|Any CPU
	EndGlobalSection
	GlobalSection(ProjectConfigurationPlatforms) = postSolution
		{10D01E50-C0FF-418D-AFB0-8AAB17A84E9F}.Debug|Any CPU.ActiveCfg = Debug|Any CPU
		{10D01E50-C0FF-418D-AFB0-8AAB17A84E9F}.Debug|Any CPU.Build.0 = Debug|Any CPU
		{10D01E50-C0FF-418D-AFB0-8AAB17A84E9F}.Release|Any CPU.ActiveCfg = Release|Any CPU
		{10D01E50-C0FF-418D-AFB0-8AAB17A84E9F}.Release|Any CPU.Build.0 = Release|Any CPU
		{EA8087A1-3BFA-43C1-B43D-8646CDFA94D4}.Debug|Any CPU.ActiveCfg = Debug|Any CPU
		{EA8087A1-3BFA-43C1-B43D-8646CDFA94D4}.Debug|Any CPU.Build.0 = Debug|Any CPU
		{EA8087A1-3BFA-43C1-B43D-8646CDFA94D4}.Release|Any CPU.ActiveCfg = Release|Any CPU
		{EA8087A1-3BFA-43C1-B43D-8646CDFA94D4}.Release|Any CPU.Build.0 = Release|Any CPU
	EndGlobalSection
	GlobalSection(SolutionProperties) = preSolution
		HideSolutionNode = FALSE
	EndGlobalSection
	GlobalSection(ExtensibilityGlobals) = postSolution
		SolutionGuid = {9A261432-0048-4109-BEFF-D4E80DCBB33D}
	EndGlobalSection
EndGlobal
